// !$*UTF8*$!
{
	archiveVersion = 1;
	classes = {
	};
	objectVersion = 50;
	objects = {

/* Begin PBXBuildFile section */
		DACA07F4265C56BD000FDC58 /* AppDelegate.swift in Sources */ = {isa = PBXBuildFile; fileRef = DACA07F3265C56BD000FDC58 /* AppDelegate.swift */; };
		DACA07F6265C56BD000FDC58 /* GameScene.sks in Resources */ = {isa = PBXBuildFile; fileRef = DACA07F5265C56BD000FDC58 /* GameScene.sks */; };
		DACA07F8265C56BD000FDC58 /* Actions.sks in Resources */ = {isa = PBXBuildFile; fileRef = DACA07F7265C56BD000FDC58 /* Actions.sks */; };
		DACA07FA265C56BD000FDC58 /* GameScene.swift in Sources */ = {isa = PBXBuildFile; fileRef = DACA07F9265C56BD000FDC58 /* GameScene.swift */; };
		DACA07FC265C56BD000FDC58 /* GameViewController.swift in Sources */ = {isa = PBXBuildFile; fileRef = DACA07FB265C56BD000FDC58 /* GameViewController.swift */; };
		DACA07FF265C56BD000FDC58 /* Main.storyboard in Resources */ = {isa = PBXBuildFile; fileRef = DACA07FD265C56BD000FDC58 /* Main.storyboard */; };
		DACA0801265C56C0000FDC58 /* Assets.xcassets in Resources */ = {isa = PBXBuildFile; fileRef = DACA0800265C56C0000FDC58 /* Assets.xcassets */; };
/* End PBXBuildFile section */

/* Begin PBXFileReference section */
		DACA07F0265C56BD000FDC58 /* FireworksNight.app */ = {isa = PBXFileReference; explicitFileType = wrapper.application; includeInIndex = 0; path = FireworksNight.app; sourceTree = BUILT_PRODUCTS_DIR; };
		DACA07F3265C56BD000FDC58 /* AppDelegate.swift */ = {isa = PBXFileReference; lastKnownFileType = sourcecode.swift; path = AppDelegate.swift; sourceTree = "<group>"; };
		DACA07F5265C56BD000FDC58 /* GameScene.sks */ = {isa = PBXFileReference; lastKnownFileType = file.sks; path = GameScene.sks; sourceTree = "<group>"; };
		DACA07F7265C56BD000FDC58 /* Actions.sks */ = {isa = PBXFileReference; lastKnownFileType = file.sks; path = Actions.sks; sourceTree = "<group>"; };
		DACA07F9265C56BD000FDC58 /* GameScene.swift */ = {isa = PBXFileReference; lastKnownFileType = sourcecode.swift; path = GameScene.swift; sourceTree = "<group>"; };
		DACA07FB265C56BD000FDC58 /* GameViewController.swift */ = {isa = PBXFileReference; lastKnownFileType = sourcecode.swift; path = GameViewController.swift; sourceTree = "<group>"; };
		DACA07FE265C56BD000FDC58 /* Base */ = {isa = PBXFileReference; lastKnownFileType = file.storyboard; name = Base; path = Base.lproj/Main.storyboard; sourceTree = "<group>"; };
		DACA0800265C56C0000FDC58 /* Assets.xcassets */ = {isa = PBXFileReference; lastKnownFileType = folder.assetcatalog; path = Assets.xcassets; sourceTree = "<group>"; };
		DACA0802265C56C0000FDC58 /* Info.plist */ = {isa = PBXFileReference; lastKnownFileType = text.plist.xml; path = Info.plist; sourceTree = "<group>"; };
/* End PBXFileReference section */

/* Begin PBXFrameworksBuildPhase section */
		DACA07ED265C56BD000FDC58 /* Frameworks */ = {
			isa = PBXFrameworksBuildPhase;
			buildActionMask = 2147483647;
			files = (
			);
			runOnlyForDeploymentPostprocessing = 0;
		};
/* End PBXFrameworksBuildPhase section */

/* Begin PBXGroup section */
		DACA07E7265C56BD000FDC58 = {
			isa = PBXGroup;
			children = (
				DACA07F2265C56BD000FDC58 /* FireworksNight */,
				DACA07F1265C56BD000FDC58 /* Products */,
			);
			sourceTree = "<group>";
		};
		DACA07F1265C56BD000FDC58 /* Products */ = {
			isa = PBXGroup;
			children = (
				DACA07F0265C56BD000FDC58 /* FireworksNight.app */,
			);
			name = Products;
			sourceTree = "<group>";
		};
		DACA07F2265C56BD000FDC58 /* FireworksNight */ = {
			isa = PBXGroup;
			children = (
				DACA07F3265C56BD000FDC58 /* AppDelegate.swift */,
				DACA07F5265C56BD000FDC58 /* GameScene.sks */,
				DACA07F7265C56BD000FDC58 /* Actions.sks */,
				DACA07F9265C56BD000FDC58 /* GameScene.swift */,
				DACA07FB265C56BD000FDC58 /* GameViewController.swift */,
				DACA07FD265C56BD000FDC58 /* Main.storyboard */,
				DACA0800265C56C0000FDC58 /* Assets.xcassets */,
				DACA0802265C56C0000FDC58 /* Info.plist */,
			);
			path = FireworksNight;
			sourceTree = "<group>";
		};
/* End PBXGroup section */

/* Begin PBXNativeTarget section */
		DACA07EF265C56BD000FDC58 /* FireworksNight */ = {
			isa = PBXNativeTarget;
			buildConfigurationList = DACA0805265C56C0000FDC58 /* Build configuration list for PBXNativeTarget "FireworksNight" */;
			buildPhases = (
				DACA07EC265C56BD000FDC58 /* Sources */,
				DACA07ED265C56BD000FDC58 /* Frameworks */,
				DACA07EE265C56BD000FDC58 /* Resources */,
			);
			buildRules = (
			);
			dependencies = (
			);
			name = FireworksNight;
			productName = FireworksNight;
			productReference = DACA07F0265C56BD000FDC58 /* FireworksNight.app */;
			productType = "com.apple.product-type.application";
		};
/* End PBXNativeTarget section */

/* Begin PBXProject section */
		DACA07E8265C56BD000FDC58 /* Project object */ = {
			isa = PBXProject;
			attributes = {
				LastSwiftUpdateCheck = 1250;
				LastUpgradeCheck = 1250;
				TargetAttributes = {
					DACA07EF265C56BD000FDC58 = {
						CreatedOnToolsVersion = 12.5;
					};
				};
			};
			buildConfigurationList = DACA07EB265C56BD000FDC58 /* Build configuration list for PBXProject "FireworksNight" */;
			compatibilityVersion = "Xcode 9.3";
			developmentRegion = en;
			hasScannedForEncodings = 0;
			knownRegions = (
				en,
				Base,
			);
			mainGroup = DACA07E7265C56BD000FDC58;
			productRefGroup = DACA07F1265C56BD000FDC58 /* Products */;
			projectDirPath = "";
			projectRoot = "";
			targets = (
				DACA07EF265C56BD000FDC58 /* FireworksNight */,
			);
		};
/* End PBXProject section */

/* Begin PBXResourcesBuildPhase section */
		DACA07EE265C56BD000FDC58 /* Resources */ = {
			isa = PBXResourcesBuildPhase;
			buildActionMask = 2147483647;
			files = (
				DACA07FF265C56BD000FDC58 /* Main.storyboard in Resources */,
				DACA07F6265C56BD000FDC58 /* GameScene.sks in Resources */,
				DACA0801265C56C0000FDC58 /* Assets.xcassets in Resources */,
				DACA07F8265C56BD000FDC58 /* Actions.sks in Resources */,
			);
			runOnlyForDeploymentPostprocessing = 0;
		};
/* End PBXResourcesBuildPhase section */

/* Begin PBXSourcesBuildPhase section */
		DACA07EC265C56BD000FDC58 /* Sources */ = {
			isa = PBXSourcesBuildPhase;
			buildActionMask = 2147483647;
			files = (
				DACA07FA265C56BD000FDC58 /* GameScene.swift in Sources */,
				DACA07FC265C56BD000FDC58 /* GameViewController.swift in Sources */,
				DACA07F4265C56BD000FDC58 /* AppDelegate.swift in Sources */,
			);
			runOnlyForDeploymentPostprocessing = 0;
		};
/* End PBXSourcesBuildPhase section */

/* Begin PBXVariantGroup section */
		DACA07FD265C56BD000FDC58 /* Main.storyboard */ = {
			isa = PBXVariantGroup;
			children = (
				DACA07FE265C56BD000FDC58 /* Base */,
			);
			name = Main.storyboard;
			sourceTree = "<group>";
		};
/* End PBXVariantGroup section */

/* Begin XCBuildConfiguration section */
		DACA0803265C56C0000FDC58 /* Debug */ = {
			isa = XCBuildConfiguration;
			buildSettings = {
				ALWAYS_SEARCH_USER_PATHS = NO;
				CLANG_ANALYZER_NONNULL = YES;
				CLANG_ANALYZER_NUMBER_OBJECT_CONVERSION = YES_AGGRESSIVE;
				CLANG_CXX_LANGUAGE_STANDARD = "gnu++14";
				CLANG_CXX_LIBRARY = "libc++";
				CLANG_ENABLE_MODULES = YES;
				CLANG_ENABLE_OBJC_ARC = YES;
				CLANG_ENABLE_OBJC_WEAK = YES;
				CLANG_WARN_BLOCK_CAPTURE_AUTORELEASING = YES;
				CLANG_WARN_BOOL_CONVERSION = YES;
				CLANG_WARN_COMMA = YES;
				CLANG_WARN_CONSTANT_CONVERSION = YES;
				CLANG_WARN_DEPRECATED_OBJC_IMPLEMENTATIONS = YES;
				CLANG_WARN_DIRECT_OBJC_ISA_USAGE = YES_ERROR;
				CLANG_WARN_DOCUMENTATION_COMMENTS = YES;
				CLANG_WARN_EMPTY_BODY = YES;
				CLANG_WARN_ENUM_CONVERSION = YES;
				CLANG_WARN_INFINITE_RECURSION = YES;
				CLANG_WARN_INT_CONVERSION = YES;
				CLANG_WARN_NON_LITERAL_NULL_CONVERSION = YES;
				CLANG_WARN_OBJC_IMPLICIT_RETAIN_SELF = YES;
				CLANG_WARN_OBJC_LITERAL_CONVERSION = YES;
				CLANG_WARN_OBJC_ROOT_CLASS = YES_ERROR;
				CLANG_WARN_QUOTED_INCLUDE_IN_FRAMEWORK_HEADER = YES;
				CLANG_WARN_RANGE_LOOP_ANALYSIS = YES;
				CLANG_WARN_STRICT_PROTOTYPES = YES;
				CLANG_WARN_SUSPICIOUS_MOVE = YES;
				CLANG_WARN_UNGUARDED_AVAILABILITY = YES_AGGRESSIVE;
				CLANG_WARN_UNREACHABLE_CODE = YES;
				CLANG_WARN__DUPLICATE_METHOD_MATCH = YES;
				COPY_PHASE_STRIP = NO;
				DEBUG_INFORMATION_FORMAT = dwarf;
				ENABLE_STRICT_OBJC_MSGSEND = YES;
				ENABLE_TESTABILITY = YES;
				GCC_C_LANGUAGE_STANDARD = gnu11;
				GCC_DYNAMIC_NO_PIC = NO;
				GCC_NO_COMMON_BLOCKS = YES;
				GCC_OPTIMIZATION_LEVEL = 0;
				GCC_PREPROCESSOR_DEFINITIONS = (
					"DEBUG=1",
					"$(inherited)",
				);
				GCC_WARN_64_TO_32_BIT_CONVERSION = YES;
				GCC_WARN_ABOUT_RETURN_TYPE = YES_ERROR;
				GCC_WARN_UNDECLARED_SELECTOR = YES;
				GCC_WARN_UNINITIALIZED_AUTOS = YES_AGGRESSIVE;
				GCC_WARN_UNUSED_FUNCTION = YES;
				GCC_WARN_UNUSED_VARIABLE = YES;
				IPHONEOS_DEPLOYMENT_TARGET = 14.5;
				MTL_ENABLE_DEBUG_INFO = INCLUDE_SOURCE;
				MTL_FAST_MATH = YES;
				ONLY_ACTIVE_ARCH = YES;
				SDKROOT = iphoneos;
				SWIFT_ACTIVE_COMPILATION_CONDITIONS = DEBUG;
				SWIFT_OPTIMIZATION_LEVEL = "-Onone";
			};
			name = Debug;
		};
		DACA0804265C56C0000FDC58 /* Release */ = {
			isa = XCBuildConfiguration;
			buildSettings = {
				ALWAYS_SEARCH_USER_PATHS = NO;
				CLANG_ANALYZER_NONNULL = YES;
				CLANG_ANALYZER_NUMBER_OBJECT_CONVERSION = YES_AGGRESSIVE;
				CLANG_CXX_LANGUAGE_STANDARD = "gnu++14";
				CLANG_CXX_LIBRARY = "libc++";
				CLANG_ENABLE_MODULES = YES;
				CLANG_ENABLE_OBJC_ARC = YES;
				CLANG_ENABLE_OBJC_WEAK = YES;
				CLANG_WARN_BLOCK_CAPTURE_AUTORELEASING = YES;
				CLANG_WARN_BOOL_CONVERSION = YES;
				CLANG_WARN_COMMA = YES;
				CLANG_WARN_CONSTANT_CONVERSION = YES;
				CLANG_WARN_DEPRECATED_OBJC_IMPLEMENTATIONS = YES;
				CLANG_WARN_DIRECT_OBJC_ISA_USAGE = YES_ERROR;
				CLANG_WARN_DOCUMENTATION_COMMENTS = YES;
				CLANG_WARN_EMPTY_BODY = YES;
				CLANG_WARN_ENUM_CONVERSION = YES;
				CLANG_WARN_INFINITE_RECURSION = YES;
				CLANG_WARN_INT_CONVERSION = YES;
				CLANG_WARN_NON_LITERAL_NULL_CONVERSION = YES;
				CLANG_WARN_OBJC_IMPLICIT_RETAIN_SELF = YES;
				CLANG_WARN_OBJC_LITERAL_CONVERSION = YES;
				CLANG_WARN_OBJC_ROOT_CLASS = YES_ERROR;
				CLANG_WARN_QUOTED_INCLUDE_IN_FRAMEWORK_HEADER = YES;
				CLANG_WARN_RANGE_LOOP_ANALYSIS = YES;
				CLANG_WARN_STRICT_PROTOTYPES = YES;
				CLANG_WARN_SUSPICIOUS_MOVE = YES;
				CLANG_WARN_UNGUARDED_AVAILABILITY = YES_AGGRESSIVE;
				CLANG_WARN_UNREACHABLE_CODE = YES;
				CLANG_WARN__DUPLICATE_METHOD_MATCH = YES;
				COPY_PHASE_STRIP = NO;
				DEBUG_INFORMATION_FORMAT = "dwarf-with-dsym";
				ENABLE_NS_ASSERTIONS = NO;
				ENABLE_STRICT_OBJC_MSGSEND = YES;
				GCC_C_LANGUAGE_STANDARD = gnu11;
				GCC_NO_COMMON_BLOCKS = YES;
				GCC_WARN_64_TO_32_BIT_CONVERSION = YES;
				GCC_WARN_ABOUT_RETURN_TYPE = YES_ERROR;
				GCC_WARN_UNDECLARED_SELECTOR = YES;
				GCC_WARN_UNINITIALIZED_AUTOS = YES_AGGRESSIVE;
				GCC_WARN_UNUSED_FUNCTION = YES;
				GCC_WARN_UNUSED_VARIABLE = YES;
				IPHONEOS_DEPLOYMENT_TARGET = 14.5;
				MTL_ENABLE_DEBUG_INFO = NO;
				MTL_FAST_MATH = YES;
				SDKROOT = iphoneos;
				SWIFT_COMPILATION_MODE = wholemodule;
				SWIFT_OPTIMIZATION_LEVEL = "-O";
				VALIDATE_PRODUCT = YES;
			};
			name = Release;
		};
		DACA0806265C56C0000FDC58 /* Debug */ = {
			isa = XCBuildConfiguration;
			buildSettings = {
				ASSETCATALOG_COMPILER_APPICON_NAME = AppIcon;
				ASSETCATALOG_COMPILER_GLOBAL_ACCENT_COLOR_NAME = AccentColor;
				CODE_SIGN_STYLE = Automatic;
				DEVELOPMENT_TEAM = UC6H82UP9B;
				INFOPLIST_FILE = FireworksNight/Info.plist;
				LD_RUNPATH_SEARCH_PATHS = (
					"$(inherited)",
					"@executable_path/Frameworks",
				);
				PRODUCT_BUNDLE_IDENTIFIER = com.plrichardson.FireworksNight;
				PRODUCT_NAME = "$(TARGET_NAME)";
				SWIFT_VERSION = 5.0;
				TARGETED_DEVICE_FAMILY = "1,2";
			};
			name = Debug;
		};
		DACA0807265C56C0000FDC58 /* Release */ = {
			isa = XCBuildConfiguration;
			buildSettings = {
				ASSETCATALOG_COMPILER_APPICON_NAME = AppIcon;
				ASSETCATALOG_COMPILER_GLOBAL_ACCENT_COLOR_NAME = AccentColor;
				CODE_SIGN_STYLE = Automatic;
				DEVELOPMENT_TEAM = UC6H82UP9B;
				INFOPLIST_FILE = FireworksNight/Info.plist;
				LD_RUNPATH_SEARCH_PATHS = (
					"$(inherited)",
					"@executable_path/Frameworks",
				);
				PRODUCT_BUNDLE_IDENTIFIER = com.plrichardson.FireworksNight;
				PRODUCT_NAME = "$(TARGET_NAME)";
				SWIFT_VERSION = 5.0;
				TARGETED_DEVICE_FAMILY = "1,2";
			};
			name = Release;
		};
/* End XCBuildConfiguration section */

/* Begin XCConfigurationList section */
		DACA07EB265C56BD000FDC58 /* Build configuration list for PBXProject "FireworksNight" */ = {
			isa = XCConfigurationList;
			buildConfigurations = (
				DACA0803265C56C0000FDC58 /* Debug */,
				DACA0804265C56C0000FDC58 /* Release */,
			);
			defaultConfigurationIsVisible = 0;
			defaultConfigurationName = Release;
		};
		DACA0805265C56C0000FDC58 /* Build configuration list for PBXNativeTarget "FireworksNight" */ = {
			isa = XCConfigurationList;
			buildConfigurations = (
				DACA0806265C56C0000FDC58 /* Debug */,
				DACA0807265C56C0000FDC58 /* Release */,
			);
			defaultConfigurationIsVisible = 0;
			defaultConfigurationName = Release;
		};
/* End XCConfigurationList section */
	};
	rootObject = DACA07E8265C56BD000FDC58 /* Project object */;
}
